// !$*UTF8*$!
{
	archiveVersion = 1;
	classes = {
	};
	objectVersion = 56;
	objects = {

/* Begin PBXBuildFile section */
		8B3231072C6C0CFF0095DF0B /* APIKey.swift in Sources */ = {isa = PBXBuildFile; fileRef = 8B3231062C6C0CFF0095DF0B /* APIKey.swift */; };
		8B32310C2C6C12980095DF0B /* OnBoardingView.swift in Sources */ = {isa = PBXBuildFile; fileRef = 8B32310B2C6C12980095DF0B /* OnBoardingView.swift */; };
		8B32310F2C6C12B90095DF0B /* BaseView.swift in Sources */ = {isa = PBXBuildFile; fileRef = 8B32310E2C6C12B90095DF0B /* BaseView.swift */; };
		8B3231122C6C13820095DF0B /* SnapKit in Frameworks */ = {isa = PBXBuildFile; productRef = 8B3231112C6C13820095DF0B /* SnapKit */; };
		8B3231152C6C19300095DF0B /* LoginButton.swift in Sources */ = {isa = PBXBuildFile; fileRef = 8B3231142C6C19300095DF0B /* LoginButton.swift */; };
		8B3231182C6C1F790095DF0B /* RxCocoa in Frameworks */ = {isa = PBXBuildFile; productRef = 8B3231172C6C1F790095DF0B /* RxCocoa */; };
		8B32311A2C6C1F790095DF0B /* RxSwift in Frameworks */ = {isa = PBXBuildFile; productRef = 8B3231192C6C1F790095DF0B /* RxSwift */; };
		8B32311D2C6C21700095DF0B /* LoginVC.swift in Sources */ = {isa = PBXBuildFile; fileRef = 8B32311C2C6C21700095DF0B /* LoginVC.swift */; };
		8B32311F2C6C22580095DF0B /* BaseVC.swift in Sources */ = {isa = PBXBuildFile; fileRef = 8B32311E2C6C22580095DF0B /* BaseVC.swift */; };
		8B3231222C6C22F80095DF0B /* SignUpVC.swift in Sources */ = {isa = PBXBuildFile; fileRef = 8B3231212C6C22F80095DF0B /* SignUpVC.swift */; };
		8B3231242C6C28370095DF0B /* LoginTextField.swift in Sources */ = {isa = PBXBuildFile; fileRef = 8B3231232C6C28370095DF0B /* LoginTextField.swift */; };
		8B3231262C6C28DA0095DF0B /* LoginView.swift in Sources */ = {isa = PBXBuildFile; fileRef = 8B3231252C6C28DA0095DF0B /* LoginView.swift */; };
		8B3231282C6C36660095DF0B /* SignUpView.swift in Sources */ = {isa = PBXBuildFile; fileRef = 8B3231272C6C36660095DF0B /* SignUpView.swift */; };
		8B32312A2C6C44910095DF0B /* LoginViewModel.swift in Sources */ = {isa = PBXBuildFile; fileRef = 8B3231292C6C44910095DF0B /* LoginViewModel.swift */; };
		8B3231652C6C6FCD0095DF0B /* NetworkManager.swift in Sources */ = {isa = PBXBuildFile; fileRef = 8B3231642C6C6FCD0095DF0B /* NetworkManager.swift */; };
		8B3231682C6C71590095DF0B /* UrlComponent.swift in Sources */ = {isa = PBXBuildFile; fileRef = 8B3231672C6C71590095DF0B /* UrlComponent.swift */; };
		8B32316A2C6C721E0095DF0B /* TargetType.swift in Sources */ = {isa = PBXBuildFile; fileRef = 8B3231692C6C721E0095DF0B /* TargetType.swift */; };
		8B32316D2C6C72380095DF0B /* Alamofire in Frameworks */ = {isa = PBXBuildFile; productRef = 8B32316C2C6C72380095DF0B /* Alamofire */; };
		8B32316F2C6C74240095DF0B /* UserDefaultManager.swift in Sources */ = {isa = PBXBuildFile; fileRef = 8B32316E2C6C74240095DF0B /* UserDefaultManager.swift */; };
		8B3231712C6C74B60095DF0B /* UserInfoModel.swift in Sources */ = {isa = PBXBuildFile; fileRef = 8B3231702C6C74B60095DF0B /* UserInfoModel.swift */; };
		8B3231742C6C78080095DF0B /* IQKeyboardManagerSwift in Frameworks */ = {isa = PBXBuildFile; productRef = 8B3231732C6C78080095DF0B /* IQKeyboardManagerSwift */; };
		8B3231762C6C7AD60095DF0B /* SignUpViewModel.swift in Sources */ = {isa = PBXBuildFile; fileRef = 8B3231752C6C7AD60095DF0B /* SignUpViewModel.swift */; };
		8B3231792C6C9AE70095DF0B /* PromotionVC.swift in Sources */ = {isa = PBXBuildFile; fileRef = 8B3231782C6C9AE70095DF0B /* PromotionVC.swift */; };
		8B32317B2C6D98C80095DF0B /* BaseViewModel.swift in Sources */ = {isa = PBXBuildFile; fileRef = 8B32317A2C6D98C80095DF0B /* BaseViewModel.swift */; };
		8B32317E2C6D9E220095DF0B /* Toast in Frameworks */ = {isa = PBXBuildFile; productRef = 8B32317D2C6D9E220095DF0B /* Toast */; };
		8B3231802C6DFEA80095DF0B /* PromotionView.swift in Sources */ = {isa = PBXBuildFile; fileRef = 8B32317F2C6DFEA80095DF0B /* PromotionView.swift */; };
		8B3231832C6E04CE0095DF0B /* CategoryCollectionViewCell.swift in Sources */ = {isa = PBXBuildFile; fileRef = 8B3231822C6E04CE0095DF0B /* CategoryCollectionViewCell.swift */; };
		8B3231862C6E06A50095DF0B /* Reusable.swift in Sources */ = {isa = PBXBuildFile; fileRef = 8B3231852C6E06A50095DF0B /* Reusable.swift */; };
		8B3231882C6E194A0095DF0B /* SettingVC.swift in Sources */ = {isa = PBXBuildFile; fileRef = 8B3231872C6E194A0095DF0B /* SettingVC.swift */; };
		8B32318A2C6E19B40095DF0B /* QuestionVC.swift in Sources */ = {isa = PBXBuildFile; fileRef = 8B3231892C6E19B40095DF0B /* QuestionVC.swift */; };
		8B32318E2C6E297A0095DF0B /* ProductModel.swift in Sources */ = {isa = PBXBuildFile; fileRef = 8B32318D2C6E297A0095DF0B /* ProductModel.swift */; };
		8B3231912C6E2BCE0095DF0B /* TrendCollectionViewCell.swift in Sources */ = {isa = PBXBuildFile; fileRef = 8B3231902C6E2BCE0095DF0B /* TrendCollectionViewCell.swift */; };
		8B3231932C6F2A2A0095DF0B /* PromotionViewModel.swift in Sources */ = {isa = PBXBuildFile; fileRef = 8B3231922C6F2A2A0095DF0B /* PromotionViewModel.swift */; };
		8B3231962C6F63320095DF0B /* AdCollectionViewCell.swift in Sources */ = {isa = PBXBuildFile; fileRef = 8B3231952C6F63320095DF0B /* AdCollectionViewCell.swift */; };
		8B3231992C6F72C00095DF0B /* Kingfisher in Frameworks */ = {isa = PBXBuildFile; productRef = 8B3231982C6F72C00095DF0B /* Kingfisher */; };
		8B32319D2C7006110095DF0B /* BaseCollectionViewCell.swift in Sources */ = {isa = PBXBuildFile; fileRef = 8B32319C2C7006110095DF0B /* BaseCollectionViewCell.swift */; };
		8B3231A02C700B760095DF0B /* ProductVC.swift in Sources */ = {isa = PBXBuildFile; fileRef = 8B32319F2C700B760095DF0B /* ProductVC.swift */; };
		8B3231A22C700DC50095DF0B /* ProductView.swift in Sources */ = {isa = PBXBuildFile; fileRef = 8B3231A12C700DC50095DF0B /* ProductView.swift */; };
		8B3231A52C70776B0095DF0B /* ProductViewModel.swift in Sources */ = {isa = PBXBuildFile; fileRef = 8B3231A42C70776B0095DF0B /* ProductViewModel.swift */; };
		8B3231A72C707C430095DF0B /* ProductCollectionViewCell.swift in Sources */ = {isa = PBXBuildFile; fileRef = 8B3231A62C707C430095DF0B /* ProductCollectionViewCell.swift */; };
		8B3231AA2C7090F60095DF0B /* String+.swift in Sources */ = {isa = PBXBuildFile; fileRef = 8B3231A92C7090F60095DF0B /* String+.swift */; };
		8B3231B12C71BCD00095DF0B /* ProductDetailVC.swift in Sources */ = {isa = PBXBuildFile; fileRef = 8B3231B02C71BCD00095DF0B /* ProductDetailVC.swift */; };
		8B3231B32C71BEA00095DF0B /* ProductDetailView.swift in Sources */ = {isa = PBXBuildFile; fileRef = 8B3231B22C71BEA00095DF0B /* ProductDetailView.swift */; };
		8B3231BA2C71CAEC0095DF0B /* QuestionView.swift in Sources */ = {isa = PBXBuildFile; fileRef = 8B3231B92C71CAEC0095DF0B /* QuestionView.swift */; };
		8B3231BC2C7213530095DF0B /* UIViewcontroller+.swift in Sources */ = {isa = PBXBuildFile; fileRef = 8B3231BB2C7213530095DF0B /* UIViewcontroller+.swift */; };
		8B3231BE2C72AF070095DF0B /* TabBarController.swift in Sources */ = {isa = PBXBuildFile; fileRef = 8B3231BD2C72AF070095DF0B /* TabBarController.swift */; };
		8B3231C82C73198B0095DF0B /* GoogleService-Info.plist in Resources */ = {isa = PBXBuildFile; fileRef = 8B3231C72C73198B0095DF0B /* GoogleService-Info.plist */; };
		8B3231CB2C731A1C0095DF0B /* FirebaseAnalyticsWithoutAdIdSupport in Frameworks */ = {isa = PBXBuildFile; productRef = 8B3231CA2C731A1C0095DF0B /* FirebaseAnalyticsWithoutAdIdSupport */; };
		8B3231CD2C731A1C0095DF0B /* FirebaseCrashlytics in Frameworks */ = {isa = PBXBuildFile; productRef = 8B3231CC2C731A1C0095DF0B /* FirebaseCrashlytics */; };
		8B3231CF2C731C520095DF0B /* SettingView.swift in Sources */ = {isa = PBXBuildFile; fileRef = 8B3231CE2C731C520095DF0B /* SettingView.swift */; };
		8BC9863B2C6C0BAA00B69112 /* AppDelegate.swift in Sources */ = {isa = PBXBuildFile; fileRef = 8BC9863A2C6C0BAA00B69112 /* AppDelegate.swift */; };
		8BC9863D2C6C0BAA00B69112 /* SceneDelegate.swift in Sources */ = {isa = PBXBuildFile; fileRef = 8BC9863C2C6C0BAA00B69112 /* SceneDelegate.swift */; };
		8BC9863F2C6C0BAA00B69112 /* OnBoardingVC.swift in Sources */ = {isa = PBXBuildFile; fileRef = 8BC9863E2C6C0BAA00B69112 /* OnBoardingVC.swift */; };
		8BC986442C6C0BAC00B69112 /* Assets.xcassets in Resources */ = {isa = PBXBuildFile; fileRef = 8BC986432C6C0BAC00B69112 /* Assets.xcassets */; };
		8BC986472C6C0BAC00B69112 /* Base in Resources */ = {isa = PBXBuildFile; fileRef = 8BC986462C6C0BAC00B69112 /* Base */; };
		8BC9864F2C6C0BC500B69112 /* .gitignore in Resources */ = {isa = PBXBuildFile; fileRef = 8BC9864E2C6C0BC500B69112 /* .gitignore */; };
/* End PBXBuildFile section */

/* Begin PBXFileReference section */
		8B3231062C6C0CFF0095DF0B /* APIKey.swift */ = {isa = PBXFileReference; lastKnownFileType = sourcecode.swift; path = APIKey.swift; sourceTree = "<group>"; };
		8B32310B2C6C12980095DF0B /* OnBoardingView.swift */ = {isa = PBXFileReference; lastKnownFileType = sourcecode.swift; path = OnBoardingView.swift; sourceTree = "<group>"; };
		8B32310E2C6C12B90095DF0B /* BaseView.swift */ = {isa = PBXFileReference; lastKnownFileType = sourcecode.swift; path = BaseView.swift; sourceTree = "<group>"; };
		8B3231142C6C19300095DF0B /* LoginButton.swift */ = {isa = PBXFileReference; lastKnownFileType = sourcecode.swift; path = LoginButton.swift; sourceTree = "<group>"; };
		8B32311C2C6C21700095DF0B /* LoginVC.swift */ = {isa = PBXFileReference; lastKnownFileType = sourcecode.swift; path = LoginVC.swift; sourceTree = "<group>"; };
		8B32311E2C6C22580095DF0B /* BaseVC.swift */ = {isa = PBXFileReference; lastKnownFileType = sourcecode.swift; path = BaseVC.swift; sourceTree = "<group>"; };
		8B3231212C6C22F80095DF0B /* SignUpVC.swift */ = {isa = PBXFileReference; lastKnownFileType = sourcecode.swift; path = SignUpVC.swift; sourceTree = "<group>"; };
		8B3231232C6C28370095DF0B /* LoginTextField.swift */ = {isa = PBXFileReference; lastKnownFileType = sourcecode.swift; path = LoginTextField.swift; sourceTree = "<group>"; };
		8B3231252C6C28DA0095DF0B /* LoginView.swift */ = {isa = PBXFileReference; lastKnownFileType = sourcecode.swift; path = LoginView.swift; sourceTree = "<group>"; };
		8B3231272C6C36660095DF0B /* SignUpView.swift */ = {isa = PBXFileReference; lastKnownFileType = sourcecode.swift; path = SignUpView.swift; sourceTree = "<group>"; };
		8B3231292C6C44910095DF0B /* LoginViewModel.swift */ = {isa = PBXFileReference; lastKnownFileType = sourcecode.swift; path = LoginViewModel.swift; sourceTree = "<group>"; };
		8B3231642C6C6FCD0095DF0B /* NetworkManager.swift */ = {isa = PBXFileReference; lastKnownFileType = sourcecode.swift; path = NetworkManager.swift; sourceTree = "<group>"; };
		8B3231672C6C71590095DF0B /* UrlComponent.swift */ = {isa = PBXFileReference; lastKnownFileType = sourcecode.swift; path = UrlComponent.swift; sourceTree = "<group>"; };
		8B3231692C6C721E0095DF0B /* TargetType.swift */ = {isa = PBXFileReference; lastKnownFileType = sourcecode.swift; path = TargetType.swift; sourceTree = "<group>"; };
		8B32316E2C6C74240095DF0B /* UserDefaultManager.swift */ = {isa = PBXFileReference; lastKnownFileType = sourcecode.swift; path = UserDefaultManager.swift; sourceTree = "<group>"; };
		8B3231702C6C74B60095DF0B /* UserInfoModel.swift */ = {isa = PBXFileReference; lastKnownFileType = sourcecode.swift; path = UserInfoModel.swift; sourceTree = "<group>"; };
		8B3231752C6C7AD60095DF0B /* SignUpViewModel.swift */ = {isa = PBXFileReference; lastKnownFileType = sourcecode.swift; path = SignUpViewModel.swift; sourceTree = "<group>"; };
		8B3231782C6C9AE70095DF0B /* PromotionVC.swift */ = {isa = PBXFileReference; lastKnownFileType = sourcecode.swift; path = PromotionVC.swift; sourceTree = "<group>"; };
		8B32317A2C6D98C80095DF0B /* BaseViewModel.swift */ = {isa = PBXFileReference; lastKnownFileType = sourcecode.swift; path = BaseViewModel.swift; sourceTree = "<group>"; };
		8B32317F2C6DFEA80095DF0B /* PromotionView.swift */ = {isa = PBXFileReference; lastKnownFileType = sourcecode.swift; path = PromotionView.swift; sourceTree = "<group>"; };
		8B3231822C6E04CE0095DF0B /* CategoryCollectionViewCell.swift */ = {isa = PBXFileReference; lastKnownFileType = sourcecode.swift; path = CategoryCollectionViewCell.swift; sourceTree = "<group>"; };
		8B3231852C6E06A50095DF0B /* Reusable.swift */ = {isa = PBXFileReference; lastKnownFileType = sourcecode.swift; path = Reusable.swift; sourceTree = "<group>"; };
		8B3231872C6E194A0095DF0B /* SettingVC.swift */ = {isa = PBXFileReference; lastKnownFileType = sourcecode.swift; path = SettingVC.swift; sourceTree = "<group>"; };
		8B3231892C6E19B40095DF0B /* QuestionVC.swift */ = {isa = PBXFileReference; lastKnownFileType = sourcecode.swift; path = QuestionVC.swift; sourceTree = "<group>"; };
		8B32318D2C6E297A0095DF0B /* ProductModel.swift */ = {isa = PBXFileReference; lastKnownFileType = sourcecode.swift; path = ProductModel.swift; sourceTree = "<group>"; };
		8B3231902C6E2BCE0095DF0B /* TrendCollectionViewCell.swift */ = {isa = PBXFileReference; lastKnownFileType = sourcecode.swift; path = TrendCollectionViewCell.swift; sourceTree = "<group>"; };
		8B3231922C6F2A2A0095DF0B /* PromotionViewModel.swift */ = {isa = PBXFileReference; lastKnownFileType = sourcecode.swift; path = PromotionViewModel.swift; sourceTree = "<group>"; };
		8B3231952C6F63320095DF0B /* AdCollectionViewCell.swift */ = {isa = PBXFileReference; lastKnownFileType = sourcecode.swift; path = AdCollectionViewCell.swift; sourceTree = "<group>"; };
		8B32319C2C7006110095DF0B /* BaseCollectionViewCell.swift */ = {isa = PBXFileReference; lastKnownFileType = sourcecode.swift; path = BaseCollectionViewCell.swift; sourceTree = "<group>"; };
		8B32319F2C700B760095DF0B /* ProductVC.swift */ = {isa = PBXFileReference; lastKnownFileType = sourcecode.swift; path = ProductVC.swift; sourceTree = "<group>"; };
		8B3231A12C700DC50095DF0B /* ProductView.swift */ = {isa = PBXFileReference; lastKnownFileType = sourcecode.swift; path = ProductView.swift; sourceTree = "<group>"; };
		8B3231A42C70776B0095DF0B /* ProductViewModel.swift */ = {isa = PBXFileReference; lastKnownFileType = sourcecode.swift; path = ProductViewModel.swift; sourceTree = "<group>"; };
		8B3231A62C707C430095DF0B /* ProductCollectionViewCell.swift */ = {isa = PBXFileReference; lastKnownFileType = sourcecode.swift; path = ProductCollectionViewCell.swift; sourceTree = "<group>"; };
		8B3231A92C7090F60095DF0B /* String+.swift */ = {isa = PBXFileReference; lastKnownFileType = sourcecode.swift; path = "String+.swift"; sourceTree = "<group>"; };
		8B3231B02C71BCD00095DF0B /* ProductDetailVC.swift */ = {isa = PBXFileReference; lastKnownFileType = sourcecode.swift; path = ProductDetailVC.swift; sourceTree = "<group>"; };
		8B3231B22C71BEA00095DF0B /* ProductDetailView.swift */ = {isa = PBXFileReference; lastKnownFileType = sourcecode.swift; path = ProductDetailView.swift; sourceTree = "<group>"; };
		8B3231B92C71CAEC0095DF0B /* QuestionView.swift */ = {isa = PBXFileReference; lastKnownFileType = sourcecode.swift; path = QuestionView.swift; sourceTree = "<group>"; };
		8B3231BB2C7213530095DF0B /* UIViewcontroller+.swift */ = {isa = PBXFileReference; lastKnownFileType = sourcecode.swift; path = "UIViewcontroller+.swift"; sourceTree = "<group>"; };
		8B3231BD2C72AF070095DF0B /* TabBarController.swift */ = {isa = PBXFileReference; lastKnownFileType = sourcecode.swift; path = TabBarController.swift; sourceTree = "<group>"; };
		8B3231C72C73198B0095DF0B /* GoogleService-Info.plist */ = {isa = PBXFileReference; fileEncoding = 4; lastKnownFileType = text.plist.xml; path = "GoogleService-Info.plist"; sourceTree = "<group>"; };
		8B3231CE2C731C520095DF0B /* SettingView.swift */ = {isa = PBXFileReference; lastKnownFileType = sourcecode.swift; path = SettingView.swift; sourceTree = "<group>"; };
		8BC986372C6C0BAA00B69112 /* Agewise.app */ = {isa = PBXFileReference; explicitFileType = wrapper.application; includeInIndex = 0; path = Agewise.app; sourceTree = BUILT_PRODUCTS_DIR; };
		8BC9863A2C6C0BAA00B69112 /* AppDelegate.swift */ = {isa = PBXFileReference; lastKnownFileType = sourcecode.swift; path = AppDelegate.swift; sourceTree = "<group>"; };
		8BC9863C2C6C0BAA00B69112 /* SceneDelegate.swift */ = {isa = PBXFileReference; lastKnownFileType = sourcecode.swift; path = SceneDelegate.swift; sourceTree = "<group>"; };
		8BC9863E2C6C0BAA00B69112 /* OnBoardingVC.swift */ = {isa = PBXFileReference; lastKnownFileType = sourcecode.swift; path = OnBoardingVC.swift; sourceTree = "<group>"; };
		8BC986432C6C0BAC00B69112 /* Assets.xcassets */ = {isa = PBXFileReference; lastKnownFileType = folder.assetcatalog; path = Assets.xcassets; sourceTree = "<group>"; };
		8BC986462C6C0BAC00B69112 /* Base */ = {isa = PBXFileReference; lastKnownFileType = file.storyboard; name = Base; path = Base.lproj/LaunchScreen.storyboard; sourceTree = "<group>"; };
		8BC986482C6C0BAC00B69112 /* Info.plist */ = {isa = PBXFileReference; lastKnownFileType = text.plist.xml; path = Info.plist; sourceTree = "<group>"; };
		8BC9864E2C6C0BC500B69112 /* .gitignore */ = {isa = PBXFileReference; lastKnownFileType = text; path = .gitignore; sourceTree = "<group>"; };
/* End PBXFileReference section */

/* Begin PBXFrameworksBuildPhase section */
		8BC986342C6C0BAA00B69112 /* Frameworks */ = {
			isa = PBXFrameworksBuildPhase;
			buildActionMask = 2147483647;
			files = (
				8B32317E2C6D9E220095DF0B /* Toast in Frameworks */,
				8B3231742C6C78080095DF0B /* IQKeyboardManagerSwift in Frameworks */,
				8B3231992C6F72C00095DF0B /* Kingfisher in Frameworks */,
				8B32311A2C6C1F790095DF0B /* RxSwift in Frameworks */,
				8B32316D2C6C72380095DF0B /* Alamofire in Frameworks */,
				8B3231182C6C1F790095DF0B /* RxCocoa in Frameworks */,
				8B3231CD2C731A1C0095DF0B /* FirebaseCrashlytics in Frameworks */,
				8B3231122C6C13820095DF0B /* SnapKit in Frameworks */,
				8B3231CB2C731A1C0095DF0B /* FirebaseAnalyticsWithoutAdIdSupport in Frameworks */,
			);
			runOnlyForDeploymentPostprocessing = 0;
		};
/* End PBXFrameworksBuildPhase section */

/* Begin PBXGroup section */
		8B3231082C6C104E0095DF0B /* App */ = {
			isa = PBXGroup;
			children = (
				8BC9863A2C6C0BAA00B69112 /* AppDelegate.swift */,
				8BC9863C2C6C0BAA00B69112 /* SceneDelegate.swift */,
				8BC986432C6C0BAC00B69112 /* Assets.xcassets */,
				8BC986452C6C0BAC00B69112 /* LaunchScreen.storyboard */,
			);
			path = App;
			sourceTree = "<group>";
		};
		8B3231092C6C11AB0095DF0B /* Screen */ = {
			isa = PBXGroup;
			children = (
				8B3231B42C71C65E0095DF0B /* AboutUser */,
				8B3231B52C71C6710095DF0B /* AboutProduct */,
				8B3231AC2C709EC90095DF0B /* Question */,
				8B3231AB2C709EB80095DF0B /* Setting */,
			);
			path = Screen;
			sourceTree = "<group>";
		};
		8B32310A2C6C11F90095DF0B /* OnBoarding */ = {
			isa = PBXGroup;
			children = (
				8B32310B2C6C12980095DF0B /* OnBoardingView.swift */,
				8BC9863E2C6C0BAA00B69112 /* OnBoardingVC.swift */,
			);
			path = OnBoarding;
			sourceTree = "<group>";
		};
		8B32310D2C6C12B10095DF0B /* Base */ = {
			isa = PBXGroup;
			children = (
				8B32310E2C6C12B90095DF0B /* BaseView.swift */,
				8B32311E2C6C22580095DF0B /* BaseVC.swift */,
				8B32317A2C6D98C80095DF0B /* BaseViewModel.swift */,
				8B32319C2C7006110095DF0B /* BaseCollectionViewCell.swift */,
			);
			path = Base;
			sourceTree = "<group>";
		};
		8B3231132C6C19040095DF0B /* CustomView */ = {
			isa = PBXGroup;
			children = (
				8B3231142C6C19300095DF0B /* LoginButton.swift */,
				8B3231232C6C28370095DF0B /* LoginTextField.swift */,
			);
			path = CustomView;
			sourceTree = "<group>";
		};
		8B32311B2C6C1FE10095DF0B /* Login */ = {
			isa = PBXGroup;
			children = (
				8B3231252C6C28DA0095DF0B /* LoginView.swift */,
				8B32311C2C6C21700095DF0B /* LoginVC.swift */,
				8B3231292C6C44910095DF0B /* LoginViewModel.swift */,
			);
			path = Login;
			sourceTree = "<group>";
		};
		8B3231202C6C22DF0095DF0B /* SignUp */ = {
			isa = PBXGroup;
			children = (
				8B3231212C6C22F80095DF0B /* SignUpVC.swift */,
				8B3231272C6C36660095DF0B /* SignUpView.swift */,
				8B3231752C6C7AD60095DF0B /* SignUpViewModel.swift */,
			);
			path = SignUp;
			sourceTree = "<group>";
		};
		8B3231662C6C6FD30095DF0B /* Network */ = {
			isa = PBXGroup;
			children = (
				8B3231642C6C6FCD0095DF0B /* NetworkManager.swift */,
				8B32318C2C6E28350095DF0B /* User */,
				8B32318B2C6E28270095DF0B /* Product */,
				8B3231672C6C71590095DF0B /* UrlComponent.swift */,
			);
			path = Network;
			sourceTree = "<group>";
		};
		8B3231772C6C9AD80095DF0B /* Promotion */ = {
			isa = PBXGroup;
			children = (
				8B3231A32C7069900095DF0B /* Cell */,
				8B32317F2C6DFEA80095DF0B /* PromotionView.swift */,
				8B3231782C6C9AE70095DF0B /* PromotionVC.swift */,
				8B3231922C6F2A2A0095DF0B /* PromotionViewModel.swift */,
			);
			path = Promotion;
			sourceTree = "<group>";
		};
		8B3231812C6E04AD0095DF0B /* Category */ = {
			isa = PBXGroup;
			children = (
				8B3231822C6E04CE0095DF0B /* CategoryCollectionViewCell.swift */,
			);
			path = Category;
			sourceTree = "<group>";
		};
		8B3231842C6E06610095DF0B /* Protocol */ = {
			isa = PBXGroup;
			children = (
				8B3231852C6E06A50095DF0B /* Reusable.swift */,
			);
			path = Protocol;
			sourceTree = "<group>";
		};
		8B32318B2C6E28270095DF0B /* Product */ = {
			isa = PBXGroup;
			children = (
				8B32318D2C6E297A0095DF0B /* ProductModel.swift */,
			);
			path = Product;
			sourceTree = "<group>";
		};
		8B32318C2C6E28350095DF0B /* User */ = {
			isa = PBXGroup;
			children = (
				8B3231692C6C721E0095DF0B /* TargetType.swift */,
				8B32316E2C6C74240095DF0B /* UserDefaultManager.swift */,
				8B3231702C6C74B60095DF0B /* UserInfoModel.swift */,
			);
			path = User;
			sourceTree = "<group>";
		};
		8B32318F2C6E2BC20095DF0B /* Trend */ = {
			isa = PBXGroup;
			children = (
				8B3231902C6E2BCE0095DF0B /* TrendCollectionViewCell.swift */,
			);
			path = Trend;
			sourceTree = "<group>";
		};
		8B3231942C6F63120095DF0B /* Advertisement */ = {
			isa = PBXGroup;
			children = (
				8B3231952C6F63320095DF0B /* AdCollectionViewCell.swift */,
			);
			path = Advertisement;
			sourceTree = "<group>";
		};
		8B32319E2C7008B70095DF0B /* Product */ = {
			isa = PBXGroup;
			children = (
				8B3231A12C700DC50095DF0B /* ProductView.swift */,
				8B32319F2C700B760095DF0B /* ProductVC.swift */,
				8B3231A42C70776B0095DF0B /* ProductViewModel.swift */,
				8B3231A62C707C430095DF0B /* ProductCollectionViewCell.swift */,
			);
			path = Product;
			sourceTree = "<group>";
		};
		8B3231A32C7069900095DF0B /* Cell */ = {
			isa = PBXGroup;
			children = (
				8B3231942C6F63120095DF0B /* Advertisement */,
				8B3231812C6E04AD0095DF0B /* Category */,
				8B32318F2C6E2BC20095DF0B /* Trend */,
			);
			path = Cell;
			sourceTree = "<group>";
		};
		8B3231A82C7090DF0095DF0B /* Extension */ = {
			isa = PBXGroup;
			children = (
				8B3231A92C7090F60095DF0B /* String+.swift */,
				8B3231BB2C7213530095DF0B /* UIViewcontroller+.swift */,
			);
			path = Extension;
			sourceTree = "<group>";
		};
		8B3231AB2C709EB80095DF0B /* Setting */ = {
			isa = PBXGroup;
			children = (
				8B3231872C6E194A0095DF0B /* SettingVC.swift */,
				8B3231CE2C731C520095DF0B /* SettingView.swift */,
			);
			path = Setting;
			sourceTree = "<group>";
		};
		8B3231AC2C709EC90095DF0B /* Question */ = {
			isa = PBXGroup;
			children = (
				8B3231892C6E19B40095DF0B /* QuestionVC.swift */,
				8B3231B92C71CAEC0095DF0B /* QuestionView.swift */,
			);
			path = Question;
			sourceTree = "<group>";
		};
		8B3231AD2C709EE50095DF0B /* ProductDetail */ = {
			isa = PBXGroup;
			children = (
				8B3231B02C71BCD00095DF0B /* ProductDetailVC.swift */,
				8B3231B22C71BEA00095DF0B /* ProductDetailView.swift */,
			);
			path = ProductDetail;
			sourceTree = "<group>";
		};
		8B3231B42C71C65E0095DF0B /* AboutUser */ = {
			isa = PBXGroup;
			children = (
				8B3231BD2C72AF070095DF0B /* TabBarController.swift */,
				8B32310A2C6C11F90095DF0B /* OnBoarding */,
				8B32311B2C6C1FE10095DF0B /* Login */,
				8B3231202C6C22DF0095DF0B /* SignUp */,
			);
			path = AboutUser;
			sourceTree = "<group>";
		};
		8B3231B52C71C6710095DF0B /* AboutProduct */ = {
			isa = PBXGroup;
			children = (
				8B3231772C6C9AD80095DF0B /* Promotion */,
				8B32319E2C7008B70095DF0B /* Product */,
				8B3231AD2C709EE50095DF0B /* ProductDetail */,
			);
			path = AboutProduct;
			sourceTree = "<group>";
		};
		8BC9862E2C6C0BAA00B69112 = {
			isa = PBXGroup;
			children = (
				8BC9864E2C6C0BC500B69112 /* .gitignore */,
				8BC986392C6C0BAA00B69112 /* Agewise */,
				8BC986382C6C0BAA00B69112 /* Products */,
			);
			sourceTree = "<group>";
		};
		8BC986382C6C0BAA00B69112 /* Products */ = {
			isa = PBXGroup;
			children = (
				8BC986372C6C0BAA00B69112 /* Agewise.app */,
			);
			name = Products;
			sourceTree = "<group>";
		};
		8BC986392C6C0BAA00B69112 /* Agewise */ = {
			isa = PBXGroup;
			children = (
				8B3231C72C73198B0095DF0B /* GoogleService-Info.plist */,
				8B3231082C6C104E0095DF0B /* App */,
				8B3231A82C7090DF0095DF0B /* Extension */,
				8B3231842C6E06610095DF0B /* Protocol */,
				8B3231662C6C6FD30095DF0B /* Network */,
				8B3231132C6C19040095DF0B /* CustomView */,
				8B32310D2C6C12B10095DF0B /* Base */,
				8B3231092C6C11AB0095DF0B /* Screen */,
				8BC986482C6C0BAC00B69112 /* Info.plist */,
				8B3231062C6C0CFF0095DF0B /* APIKey.swift */,
			);
			path = Agewise;
			sourceTree = "<group>";
		};
/* End PBXGroup section */

/* Begin PBXNativeTarget section */
		8BC986362C6C0BAA00B69112 /* Agewise */ = {
			isa = PBXNativeTarget;
			buildConfigurationList = 8BC9864B2C6C0BAC00B69112 /* Build configuration list for PBXNativeTarget "Agewise" */;
			buildPhases = (
				8BC986332C6C0BAA00B69112 /* Sources */,
				8BC986342C6C0BAA00B69112 /* Frameworks */,
				8BC986352C6C0BAA00B69112 /* Resources */,
			);
			buildRules = (
			);
			dependencies = (
			);
			name = Agewise;
			packageProductDependencies = (
				8B3231112C6C13820095DF0B /* SnapKit */,
				8B3231172C6C1F790095DF0B /* RxCocoa */,
				8B3231192C6C1F790095DF0B /* RxSwift */,
				8B32316C2C6C72380095DF0B /* Alamofire */,
				8B3231732C6C78080095DF0B /* IQKeyboardManagerSwift */,
				8B32317D2C6D9E220095DF0B /* Toast */,
				8B3231982C6F72C00095DF0B /* Kingfisher */,
				8B3231CA2C731A1C0095DF0B /* FirebaseAnalyticsWithoutAdIdSupport */,
				8B3231CC2C731A1C0095DF0B /* FirebaseCrashlytics */,
			);
			productName = Agewise;
			productReference = 8BC986372C6C0BAA00B69112 /* Agewise.app */;
			productType = "com.apple.product-type.application";
		};
/* End PBXNativeTarget section */

/* Begin PBXProject section */
		8BC9862F2C6C0BAA00B69112 /* Project object */ = {
			isa = PBXProject;
			attributes = {
				BuildIndependentTargetsInParallel = 1;
				LastSwiftUpdateCheck = 1530;
				LastUpgradeCheck = 1530;
				TargetAttributes = {
					8BC986362C6C0BAA00B69112 = {
						CreatedOnToolsVersion = 15.3;
					};
				};
			};
			buildConfigurationList = 8BC986322C6C0BAA00B69112 /* Build configuration list for PBXProject "Agewise" */;
			compatibilityVersion = "Xcode 14.0";
			developmentRegion = en;
			hasScannedForEncodings = 0;
			knownRegions = (
				en,
				Base,
			);
			mainGroup = 8BC9862E2C6C0BAA00B69112;
			packageReferences = (
				8B3231102C6C13820095DF0B /* XCRemoteSwiftPackageReference "SnapKit" */,
				8B3231162C6C1F790095DF0B /* XCRemoteSwiftPackageReference "RxSwift" */,
				8B32316B2C6C72380095DF0B /* XCRemoteSwiftPackageReference "Alamofire" */,
				8B3231722C6C78080095DF0B /* XCRemoteSwiftPackageReference "IQKeyboardManager" */,
				8B32317C2C6D9E220095DF0B /* XCRemoteSwiftPackageReference "Toast-Swift" */,
				8B3231972C6F72C00095DF0B /* XCRemoteSwiftPackageReference "Kingfisher" */,
				8B3231C92C731A1C0095DF0B /* XCRemoteSwiftPackageReference "firebase-ios-sdk" */,
			);
			productRefGroup = 8BC986382C6C0BAA00B69112 /* Products */;
			projectDirPath = "";
			projectRoot = "";
			targets = (
				8BC986362C6C0BAA00B69112 /* Agewise */,
			);
		};
/* End PBXProject section */

/* Begin PBXResourcesBuildPhase section */
		8BC986352C6C0BAA00B69112 /* Resources */ = {
			isa = PBXResourcesBuildPhase;
			buildActionMask = 2147483647;
			files = (
				8BC9864F2C6C0BC500B69112 /* .gitignore in Resources */,
				8B3231C82C73198B0095DF0B /* GoogleService-Info.plist in Resources */,
				8BC986442C6C0BAC00B69112 /* Assets.xcassets in Resources */,
				8BC986472C6C0BAC00B69112 /* Base in Resources */,
			);
			runOnlyForDeploymentPostprocessing = 0;
		};
/* End PBXResourcesBuildPhase section */

/* Begin PBXSourcesBuildPhase section */
		8BC986332C6C0BAA00B69112 /* Sources */ = {
			isa = PBXSourcesBuildPhase;
			buildActionMask = 2147483647;
			files = (
				8B3231BA2C71CAEC0095DF0B /* QuestionView.swift in Sources */,
				8B3231CF2C731C520095DF0B /* SettingView.swift in Sources */,
				8B3231A22C700DC50095DF0B /* ProductView.swift in Sources */,
				8B3231712C6C74B60095DF0B /* UserInfoModel.swift in Sources */,
				8B32317B2C6D98C80095DF0B /* BaseViewModel.swift in Sources */,
				8B3231682C6C71590095DF0B /* UrlComponent.swift in Sources */,
				8B3231762C6C7AD60095DF0B /* SignUpViewModel.swift in Sources */,
				8B3231BC2C7213530095DF0B /* UIViewcontroller+.swift in Sources */,
				8B3231862C6E06A50095DF0B /* Reusable.swift in Sources */,
				8BC9863F2C6C0BAA00B69112 /* OnBoardingVC.swift in Sources */,
				8BC9863B2C6C0BAA00B69112 /* AppDelegate.swift in Sources */,
				8B3231932C6F2A2A0095DF0B /* PromotionViewModel.swift in Sources */,
				8B32311D2C6C21700095DF0B /* LoginVC.swift in Sources */,
				8B3231152C6C19300095DF0B /* LoginButton.swift in Sources */,
				8B32311F2C6C22580095DF0B /* BaseVC.swift in Sources */,
				8B3231A72C707C430095DF0B /* ProductCollectionViewCell.swift in Sources */,
				8B32316F2C6C74240095DF0B /* UserDefaultManager.swift in Sources */,
				8B3231A52C70776B0095DF0B /* ProductViewModel.swift in Sources */,
				8B3231962C6F63320095DF0B /* AdCollectionViewCell.swift in Sources */,
				8B3231072C6C0CFF0095DF0B /* APIKey.swift in Sources */,
				8B3231262C6C28DA0095DF0B /* LoginView.swift in Sources */,
				8B3231242C6C28370095DF0B /* LoginTextField.swift in Sources */,
				8B3231B12C71BCD00095DF0B /* ProductDetailVC.swift in Sources */,
				8B32312A2C6C44910095DF0B /* LoginViewModel.swift in Sources */,
				8B3231792C6C9AE70095DF0B /* PromotionVC.swift in Sources */,
				8B3231282C6C36660095DF0B /* SignUpView.swift in Sources */,
				8B3231B32C71BEA00095DF0B /* ProductDetailView.swift in Sources */,
				8B3231832C6E04CE0095DF0B /* CategoryCollectionViewCell.swift in Sources */,
				8B3231AA2C7090F60095DF0B /* String+.swift in Sources */,
				8B32310F2C6C12B90095DF0B /* BaseView.swift in Sources */,
				8B32318E2C6E297A0095DF0B /* ProductModel.swift in Sources */,
				8B32310C2C6C12980095DF0B /* OnBoardingView.swift in Sources */,
				8B3231912C6E2BCE0095DF0B /* TrendCollectionViewCell.swift in Sources */,
				8B3231A02C700B760095DF0B /* ProductVC.swift in Sources */,
				8B3231652C6C6FCD0095DF0B /* NetworkManager.swift in Sources */,
				8B32319D2C7006110095DF0B /* BaseCollectionViewCell.swift in Sources */,
				8B3231802C6DFEA80095DF0B /* PromotionView.swift in Sources */,
				8B3231222C6C22F80095DF0B /* SignUpVC.swift in Sources */,
				8BC9863D2C6C0BAA00B69112 /* SceneDelegate.swift in Sources */,
				8B32316A2C6C721E0095DF0B /* TargetType.swift in Sources */,
				8B3231BE2C72AF070095DF0B /* TabBarController.swift in Sources */,
				8B32318A2C6E19B40095DF0B /* QuestionVC.swift in Sources */,
				8B3231882C6E194A0095DF0B /* SettingVC.swift in Sources */,
			);
			runOnlyForDeploymentPostprocessing = 0;
		};
/* End PBXSourcesBuildPhase section */

/* Begin PBXVariantGroup section */
		8BC986452C6C0BAC00B69112 /* LaunchScreen.storyboard */ = {
			isa = PBXVariantGroup;
			children = (
				8BC986462C6C0BAC00B69112 /* Base */,
			);
			name = LaunchScreen.storyboard;
			sourceTree = "<group>";
		};
/* End PBXVariantGroup section */

/* Begin XCBuildConfiguration section */
		8BC986492C6C0BAC00B69112 /* Debug */ = {
			isa = XCBuildConfiguration;
			buildSettings = {
				ALWAYS_SEARCH_USER_PATHS = NO;
				ASSETCATALOG_COMPILER_GENERATE_SWIFT_ASSET_SYMBOL_EXTENSIONS = YES;
				CLANG_ANALYZER_NONNULL = YES;
				CLANG_ANALYZER_NUMBER_OBJECT_CONVERSION = YES_AGGRESSIVE;
				CLANG_CXX_LANGUAGE_STANDARD = "gnu++20";
				CLANG_ENABLE_MODULES = YES;
				CLANG_ENABLE_OBJC_ARC = YES;
				CLANG_ENABLE_OBJC_WEAK = YES;
				CLANG_WARN_BLOCK_CAPTURE_AUTORELEASING = YES;
				CLANG_WARN_BOOL_CONVERSION = YES;
				CLANG_WARN_COMMA = YES;
				CLANG_WARN_CONSTANT_CONVERSION = YES;
				CLANG_WARN_DEPRECATED_OBJC_IMPLEMENTATIONS = YES;
				CLANG_WARN_DIRECT_OBJC_ISA_USAGE = YES_ERROR;
				CLANG_WARN_DOCUMENTATION_COMMENTS = YES;
				CLANG_WARN_EMPTY_BODY = YES;
				CLANG_WARN_ENUM_CONVERSION = YES;
				CLANG_WARN_INFINITE_RECURSION = YES;
				CLANG_WARN_INT_CONVERSION = YES;
				CLANG_WARN_NON_LITERAL_NULL_CONVERSION = YES;
				CLANG_WARN_OBJC_IMPLICIT_RETAIN_SELF = YES;
				CLANG_WARN_OBJC_LITERAL_CONVERSION = YES;
				CLANG_WARN_OBJC_ROOT_CLASS = YES_ERROR;
				CLANG_WARN_QUOTED_INCLUDE_IN_FRAMEWORK_HEADER = YES;
				CLANG_WARN_RANGE_LOOP_ANALYSIS = YES;
				CLANG_WARN_STRICT_PROTOTYPES = YES;
				CLANG_WARN_SUSPICIOUS_MOVE = YES;
				CLANG_WARN_UNGUARDED_AVAILABILITY = YES_AGGRESSIVE;
				CLANG_WARN_UNREACHABLE_CODE = YES;
				CLANG_WARN__DUPLICATE_METHOD_MATCH = YES;
				COPY_PHASE_STRIP = NO;
				DEBUG_INFORMATION_FORMAT = dwarf;
				ENABLE_STRICT_OBJC_MSGSEND = YES;
				ENABLE_TESTABILITY = YES;
				ENABLE_USER_SCRIPT_SANDBOXING = YES;
				GCC_C_LANGUAGE_STANDARD = gnu17;
				GCC_DYNAMIC_NO_PIC = NO;
				GCC_NO_COMMON_BLOCKS = YES;
				GCC_OPTIMIZATION_LEVEL = 0;
				GCC_PREPROCESSOR_DEFINITIONS = (
					"DEBUG=1",
					"$(inherited)",
				);
				GCC_WARN_64_TO_32_BIT_CONVERSION = YES;
				GCC_WARN_ABOUT_RETURN_TYPE = YES_ERROR;
				GCC_WARN_UNDECLARED_SELECTOR = YES;
				GCC_WARN_UNINITIALIZED_AUTOS = YES_AGGRESSIVE;
				GCC_WARN_UNUSED_FUNCTION = YES;
				GCC_WARN_UNUSED_VARIABLE = YES;
				IPHONEOS_DEPLOYMENT_TARGET = 17.4;
				LOCALIZATION_PREFERS_STRING_CATALOGS = YES;
				MTL_ENABLE_DEBUG_INFO = INCLUDE_SOURCE;
				MTL_FAST_MATH = YES;
				ONLY_ACTIVE_ARCH = YES;
				SDKROOT = iphoneos;
				SWIFT_ACTIVE_COMPILATION_CONDITIONS = "DEBUG $(inherited)";
				SWIFT_OPTIMIZATION_LEVEL = "-Onone";
			};
			name = Debug;
		};
		8BC9864A2C6C0BAC00B69112 /* Release */ = {
			isa = XCBuildConfiguration;
			buildSettings = {
				ALWAYS_SEARCH_USER_PATHS = NO;
				ASSETCATALOG_COMPILER_GENERATE_SWIFT_ASSET_SYMBOL_EXTENSIONS = YES;
				CLANG_ANALYZER_NONNULL = YES;
				CLANG_ANALYZER_NUMBER_OBJECT_CONVERSION = YES_AGGRESSIVE;
				CLANG_CXX_LANGUAGE_STANDARD = "gnu++20";
				CLANG_ENABLE_MODULES = YES;
				CLANG_ENABLE_OBJC_ARC = YES;
				CLANG_ENABLE_OBJC_WEAK = YES;
				CLANG_WARN_BLOCK_CAPTURE_AUTORELEASING = YES;
				CLANG_WARN_BOOL_CONVERSION = YES;
				CLANG_WARN_COMMA = YES;
				CLANG_WARN_CONSTANT_CONVERSION = YES;
				CLANG_WARN_DEPRECATED_OBJC_IMPLEMENTATIONS = YES;
				CLANG_WARN_DIRECT_OBJC_ISA_USAGE = YES_ERROR;
				CLANG_WARN_DOCUMENTATION_COMMENTS = YES;
				CLANG_WARN_EMPTY_BODY = YES;
				CLANG_WARN_ENUM_CONVERSION = YES;
				CLANG_WARN_INFINITE_RECURSION = YES;
				CLANG_WARN_INT_CONVERSION = YES;
				CLANG_WARN_NON_LITERAL_NULL_CONVERSION = YES;
				CLANG_WARN_OBJC_IMPLICIT_RETAIN_SELF = YES;
				CLANG_WARN_OBJC_LITERAL_CONVERSION = YES;
				CLANG_WARN_OBJC_ROOT_CLASS = YES_ERROR;
				CLANG_WARN_QUOTED_INCLUDE_IN_FRAMEWORK_HEADER = YES;
				CLANG_WARN_RANGE_LOOP_ANALYSIS = YES;
				CLANG_WARN_STRICT_PROTOTYPES = YES;
				CLANG_WARN_SUSPICIOUS_MOVE = YES;
				CLANG_WARN_UNGUARDED_AVAILABILITY = YES_AGGRESSIVE;
				CLANG_WARN_UNREACHABLE_CODE = YES;
				CLANG_WARN__DUPLICATE_METHOD_MATCH = YES;
				COPY_PHASE_STRIP = NO;
				DEBUG_INFORMATION_FORMAT = "dwarf-with-dsym";
				ENABLE_NS_ASSERTIONS = NO;
				ENABLE_STRICT_OBJC_MSGSEND = YES;
				ENABLE_USER_SCRIPT_SANDBOXING = YES;
				GCC_C_LANGUAGE_STANDARD = gnu17;
				GCC_NO_COMMON_BLOCKS = YES;
				GCC_WARN_64_TO_32_BIT_CONVERSION = YES;
				GCC_WARN_ABOUT_RETURN_TYPE = YES_ERROR;
				GCC_WARN_UNDECLARED_SELECTOR = YES;
				GCC_WARN_UNINITIALIZED_AUTOS = YES_AGGRESSIVE;
				GCC_WARN_UNUSED_FUNCTION = YES;
				GCC_WARN_UNUSED_VARIABLE = YES;
				IPHONEOS_DEPLOYMENT_TARGET = 17.4;
				LOCALIZATION_PREFERS_STRING_CATALOGS = YES;
				MTL_ENABLE_DEBUG_INFO = NO;
				MTL_FAST_MATH = YES;
				SDKROOT = iphoneos;
				SWIFT_COMPILATION_MODE = wholemodule;
				VALIDATE_PRODUCT = YES;
			};
			name = Release;
		};
		8BC9864C2C6C0BAC00B69112 /* Debug */ = {
			isa = XCBuildConfiguration;
			buildSettings = {
				ASSETCATALOG_COMPILER_APPICON_NAME = AppIcon;
				ASSETCATALOG_COMPILER_GLOBAL_ACCENT_COLOR_NAME = AccentColor;
				CODE_SIGN_STYLE = Automatic;
				CURRENT_PROJECT_VERSION = 1;
				GENERATE_INFOPLIST_FILE = YES;
				INFOPLIST_FILE = Agewise/Info.plist;
				INFOPLIST_KEY_UIApplicationSupportsIndirectInputEvents = YES;
				INFOPLIST_KEY_UILaunchStoryboardName = LaunchScreen;
				INFOPLIST_KEY_UISupportedInterfaceOrientations = UIInterfaceOrientationPortrait;
				INFOPLIST_KEY_UISupportedInterfaceOrientations_iPad = "UIInterfaceOrientationLandscapeLeft UIInterfaceOrientationLandscapeRight UIInterfaceOrientationPortrait UIInterfaceOrientationPortraitUpsideDown";
				IPHONEOS_DEPLOYMENT_TARGET = 15.0;
				LD_RUNPATH_SEARCH_PATHS = (
					"$(inherited)",
					"@executable_path/Frameworks",
				);
				MARKETING_VERSION = 1.0;
				PRODUCT_BUNDLE_IDENTIFIER = com.Swift.Agewise;
				PRODUCT_NAME = "$(TARGET_NAME)";
				SUPPORTED_PLATFORMS = "iphoneos iphonesimulator";
				SUPPORTS_MACCATALYST = NO;
				SUPPORTS_MAC_DESIGNED_FOR_IPHONE_IPAD = NO;
				SUPPORTS_XR_DESIGNED_FOR_IPHONE_IPAD = NO;
				SWIFT_EMIT_LOC_STRINGS = YES;
				SWIFT_VERSION = 5.0;
				TARGETED_DEVICE_FAMILY = 1;
			};
			name = Debug;
		};
		8BC9864D2C6C0BAC00B69112 /* Release */ = {
			isa = XCBuildConfiguration;
			buildSettings = {
				ASSETCATALOG_COMPILER_APPICON_NAME = AppIcon;
				ASSETCATALOG_COMPILER_GLOBAL_ACCENT_COLOR_NAME = AccentColor;
				CODE_SIGN_STYLE = Automatic;
				CURRENT_PROJECT_VERSION = 1;
				GENERATE_INFOPLIST_FILE = YES;
				INFOPLIST_FILE = Agewise/Info.plist;
				INFOPLIST_KEY_UIApplicationSupportsIndirectInputEvents = YES;
				INFOPLIST_KEY_UILaunchStoryboardName = LaunchScreen;
				INFOPLIST_KEY_UISupportedInterfaceOrientations = UIInterfaceOrientationPortrait;
				INFOPLIST_KEY_UISupportedInterfaceOrientations_iPad = "UIInterfaceOrientationLandscapeLeft UIInterfaceOrientationLandscapeRight UIInterfaceOrientationPortrait UIInterfaceOrientationPortraitUpsideDown";
				IPHONEOS_DEPLOYMENT_TARGET = 15.0;
				LD_RUNPATH_SEARCH_PATHS = (
					"$(inherited)",
					"@executable_path/Frameworks",
				);
				MARKETING_VERSION = 1.0;
				PRODUCT_BUNDLE_IDENTIFIER = com.Swift.Agewise;
				PRODUCT_NAME = "$(TARGET_NAME)";
				SUPPORTED_PLATFORMS = "iphoneos iphonesimulator";
				SUPPORTS_MACCATALYST = NO;
				SUPPORTS_MAC_DESIGNED_FOR_IPHONE_IPAD = NO;
				SUPPORTS_XR_DESIGNED_FOR_IPHONE_IPAD = NO;
				SWIFT_EMIT_LOC_STRINGS = YES;
				SWIFT_VERSION = 5.0;
				TARGETED_DEVICE_FAMILY = 1;
			};
			name = Release;
		};
/* End XCBuildConfiguration section */

/* Begin XCConfigurationList section */
		8BC986322C6C0BAA00B69112 /* Build configuration list for PBXProject "Agewise" */ = {
			isa = XCConfigurationList;
			buildConfigurations = (
				8BC986492C6C0BAC00B69112 /* Debug */,
				8BC9864A2C6C0BAC00B69112 /* Release */,
			);
			defaultConfigurationIsVisible = 0;
			defaultConfigurationName = Release;
		};
		8BC9864B2C6C0BAC00B69112 /* Build configuration list for PBXNativeTarget "Agewise" */ = {
			isa = XCConfigurationList;
			buildConfigurations = (
				8BC9864C2C6C0BAC00B69112 /* Debug */,
				8BC9864D2C6C0BAC00B69112 /* Release */,
			);
			defaultConfigurationIsVisible = 0;
			defaultConfigurationName = Release;
		};
/* End XCConfigurationList section */

/* Begin XCRemoteSwiftPackageReference section */
		8B3231102C6C13820095DF0B /* XCRemoteSwiftPackageReference "SnapKit" */ = {
			isa = XCRemoteSwiftPackageReference;
			repositoryURL = "https://github.com/SnapKit/SnapKit.git";
			requirement = {
				kind = upToNextMajorVersion;
				minimumVersion = 5.7.1;
			};
		};
		8B3231162C6C1F790095DF0B /* XCRemoteSwiftPackageReference "RxSwift" */ = {
			isa = XCRemoteSwiftPackageReference;
			repositoryURL = "https://github.com/ReactiveX/RxSwift.git";
			requirement = {
				kind = upToNextMajorVersion;
				minimumVersion = 6.7.1;
			};
		};
		8B32316B2C6C72380095DF0B /* XCRemoteSwiftPackageReference "Alamofire" */ = {
			isa = XCRemoteSwiftPackageReference;
			repositoryURL = "https://github.com/Alamofire/Alamofire.git";
			requirement = {
				kind = upToNextMajorVersion;
				minimumVersion = 5.9.1;
			};
		};
		8B3231722C6C78080095DF0B /* XCRemoteSwiftPackageReference "IQKeyboardManager" */ = {
			isa = XCRemoteSwiftPackageReference;
			repositoryURL = "https://github.com/hackiftekhar/IQKeyboardManager.git";
			requirement = {
				kind = upToNextMajorVersion;
				minimumVersion = 7.1.1;
			};
		};
		8B32317C2C6D9E220095DF0B /* XCRemoteSwiftPackageReference "Toast-Swift" */ = {
			isa = XCRemoteSwiftPackageReference;
			repositoryURL = "https://github.com/scalessec/Toast-Swift.git";
			requirement = {
				kind = upToNextMajorVersion;
				minimumVersion = 5.1.1;
			};
		};
		8B3231972C6F72C00095DF0B /* XCRemoteSwiftPackageReference "Kingfisher" */ = {
			isa = XCRemoteSwiftPackageReference;
			repositoryURL = "https://github.com/onevcat/Kingfisher.git";
			requirement = {
				kind = upToNextMajorVersion;
				minimumVersion = 7.12.0;
			};
		};
		8B3231C92C731A1C0095DF0B /* XCRemoteSwiftPackageReference "firebase-ios-sdk" */ = {
			isa = XCRemoteSwiftPackageReference;
			repositoryURL = "https://github.com/firebase/firebase-ios-sdk";
			requirement = {
				kind = upToNextMajorVersion;
				minimumVersion = 11.0.0;
			};
		};
/* End XCRemoteSwiftPackageReference section */

/* Begin XCSwiftPackageProductDependency section */
		8B3231112C6C13820095DF0B /* SnapKit */ = {
			isa = XCSwiftPackageProductDependency;
			package = 8B3231102C6C13820095DF0B /* XCRemoteSwiftPackageReference "SnapKit" */;
			productName = SnapKit;
		};
		8B3231172C6C1F790095DF0B /* RxCocoa */ = {
			isa = XCSwiftPackageProductDependency;
			package = 8B3231162C6C1F790095DF0B /* XCRemoteSwiftPackageReference "RxSwift" */;
			productName = RxCocoa;
		};
		8B3231192C6C1F790095DF0B /* RxSwift */ = {
			isa = XCSwiftPackageProductDependency;
			package = 8B3231162C6C1F790095DF0B /* XCRemoteSwiftPackageReference "RxSwift" */;
			productName = RxSwift;
		};
		8B32316C2C6C72380095DF0B /* Alamofire */ = {
			isa = XCSwiftPackageProductDependency;
			package = 8B32316B2C6C72380095DF0B /* XCRemoteSwiftPackageReference "Alamofire" */;
			productName = Alamofire;
		};
		8B3231732C6C78080095DF0B /* IQKeyboardManagerSwift */ = {
			isa = XCSwiftPackageProductDependency;
			package = 8B3231722C6C78080095DF0B /* XCRemoteSwiftPackageReference "IQKeyboardManager" */;
			productName = IQKeyboardManagerSwift;
		};
		8B32317D2C6D9E220095DF0B /* Toast */ = {
			isa = XCSwiftPackageProductDependency;
			package = 8B32317C2C6D9E220095DF0B /* XCRemoteSwiftPackageReference "Toast-Swift" */;
			productName = Toast;
		};
		8B3231982C6F72C00095DF0B /* Kingfisher */ = {
			isa = XCSwiftPackageProductDependency;
			package = 8B3231972C6F72C00095DF0B /* XCRemoteSwiftPackageReference "Kingfisher" */;
			productName = Kingfisher;
		};
		8B3231CA2C731A1C0095DF0B /* FirebaseAnalyticsWithoutAdIdSupport */ = {
			isa = XCSwiftPackageProductDependency;
			package = 8B3231C92C731A1C0095DF0B /* XCRemoteSwiftPackageReference "firebase-ios-sdk" */;
			productName = FirebaseAnalyticsWithoutAdIdSupport;
		};
		8B3231CC2C731A1C0095DF0B /* FirebaseCrashlytics */ = {
			isa = XCSwiftPackageProductDependency;
			package = 8B3231C92C731A1C0095DF0B /* XCRemoteSwiftPackageReference "firebase-ios-sdk" */;
			productName = FirebaseCrashlytics;
		};
/* End XCSwiftPackageProductDependency section */
	};
	rootObject = 8BC9862F2C6C0BAA00B69112 /* Project object */;
}
